<?xml version="1.0" encoding="utf-8"?>
<Project ToolsVersion="4.0" xmlns="http://schemas.microsoft.com/developer/msbuild/2003">
  <ItemGroup>
    <Filter Include="Source Code">
      <UniqueIdentifier>{4FC737F1-C7A5-4376-A066-2A32D752A2FF}</UniqueIdentifier>
      <Extensions>cpp;c;cc;cxx;c++;cppm;ixx;def;odl;idl;hpj;bat;asm;asmx</Extensions>
    </Filter>
    <Filter Include="Containers">
      <UniqueIdentifier>{448a4e09-4d0c-4904-8a68-f8781881a78d}</UniqueIdentifier>
    </Filter>
    <Filter Include="Helpers">
      <UniqueIdentifier>{975c6057-51ca-44e2-83d3-7fe54a09621b}</UniqueIdentifier>
    </Filter>
  </ItemGroup>
  <ItemGroup>
    <ClCompile Include="Source Code\Application.cpp">
      <Filter>Source Code</Filter>
    </ClCompile>
    <ClCompile Include="Source Code\log.cpp">
      <Filter>Source Code</Filter>
    </ClCompile>
    <ClCompile Include="Source Code\Main.cpp">
      <Filter>Source Code</Filter>
    </ClCompile>
    <ClCompile Include="Source Code\ModuleAudio.cpp">
      <Filter>Source Code</Filter>
    </ClCompile>
    <ClCompile Include="Source Code\ModuleCamera3D.cpp">
      <Filter>Source Code</Filter>
    </ClCompile>
    <ClCompile Include="Source Code\ModuleInput.cpp">
      <Filter>Source Code</Filter>
    </ClCompile>
    <ClCompile Include="Source Code\ModuleMenu.cpp">
      <Filter>Source Code</Filter>
    </ClCompile>
    <ClCompile Include="Source Code\ModulePhysics3D.cpp">
      <Filter>Source Code</Filter>
    </ClCompile>
    <ClCompile Include="Source Code\ModuleRenderer3D.cpp">
      <Filter>Source Code</Filter>
    </ClCompile>
    <ClCompile Include="Source Code\ModuleSceneIntro.cpp">
      <Filter>Source Code</Filter>
    </ClCompile>
    <ClCompile Include="Source Code\ModuleWindow.cpp">
      <Filter>Source Code</Filter>
    </ClCompile>
    <ClCompile Include="Source Code\Timer.cpp">
      <Filter>Source Code</Filter>
    </ClCompile>
    <ClCompile Include="Source Code\Color.cpp">
      <Filter>Containers</Filter>
    </ClCompile>
    <ClCompile Include="Source Code\glmath.cpp">
      <Filter>Containers</Filter>
    </ClCompile>
    <ClCompile Include="Source Code\Light.cpp">
      <Filter>Helpers</Filter>
    </ClCompile>
    <ClCompile Include="Source Code\Primitive.cpp">
      <Filter>Helpers</Filter>
    </ClCompile>
  </ItemGroup>
  <ItemGroup>
    <ClInclude Include="Source Code\Application.h">
      <Filter>Source Code</Filter>
    </ClInclude>
    <ClInclude Include="Source Code\Globals.h">
      <Filter>Source Code</Filter>
    </ClInclude>
    <ClInclude Include="Source Code\Header.h">
      <Filter>Source Code</Filter>
    </ClInclude>
    <ClInclude Include="Source Code\Module.h">
      <Filter>Source Code</Filter>
    </ClInclude>
    <ClInclude Include="Source Code\ModuleAudio.h">
      <Filter>Source Code</Filter>
    </ClInclude>
    <ClInclude Include="Source Code\ModuleCamera3D.h">
      <Filter>Source Code</Filter>
    </ClInclude>
    <ClInclude Include="Source Code\ModuleInput.h">
      <Filter>Source Code</Filter>
    </ClInclude>
    <ClInclude Include="Source Code\ModuleWindow.h">
      <Filter>Source Code</Filter>
    </ClInclude>
    <ClInclude Include="Source Code\ModuleSceneIntro.h">
      <Filter>Source Code</Filter>
    </ClInclude>
    <ClInclude Include="Source Code\ModuleRenderer3D.h">
      <Filter>Source Code</Filter>
    </ClInclude>
    <ClInclude Include="Source Code\ModulePhysics3D.h">
      <Filter>Source Code</Filter>
    </ClInclude>
    <ClInclude Include="Source Code\ModuleMenu.h">
      <Filter>Source Code</Filter>
    </ClInclude>
    <ClInclude Include="Source Code\Timer.h">
      <Filter>Source Code</Filter>
    </ClInclude>
    <ClInclude Include="Source Code\Color.h">
      <Filter>Containers</Filter>
    </ClInclude>
    <ClInclude Include="Source Code\glmath.h">
      <Filter>Containers</Filter>
    </ClInclude>
    <ClInclude Include="Source Code\Light.h">
      <Filter>Helpers</Filter>
    </ClInclude>
    <ClInclude Include="Source Code\Primitive.h">
      <Filter>Helpers</Filter>
    </ClInclude>
  </ItemGroup>
</Project>